
Microsoft Visual Studio Solution File, Format Version 12.00
# Visual Studio Version 16
VisualStudioVersion = 16.0.31129.286
MinimumVisualStudioVersion = 10.0.40219.1
Project("{8BC9CEB8-8B4A-11D0-8D11-00A0C91BC942}") = "Lab6", "Lab6.vcxproj", "{91752CAC-859C-4024-8E9A-80D1F79C253F}"
EndProject
Global
	GlobalSection(SolutionConfigurationPlatforms) = preSolution
		Debug|x64 = Debug|x64
		Debug|x86 = Debug|x86
		Release|x64 = Release|x64
		Release|x86 = Release|x86
	EndGlobalSection
	GlobalSection(ProjectConfigurationPlatforms) = postSolution
		{91752CAC-859C-4024-8E9A-80D1F79C253F}.Debug|x64.ActiveCfg = Debug|x64
		{91752CAC-859C-4024-8E9A-80D1F79C253F}.Debug|x64.Build.0 = Debug|x64
		{91752CAC-859C-4024-8E9A-80D1F79C253F}.Debug|x86.ActiveCfg = Debug|Win32
		{91752CAC-859C-4024-8E9A-80D1F79C253F}.Debug|x86.Build.0 = Debug|Win32
		{91752CAC-859C-4024-8E9A-80D1F79C253F}.Release|x64.ActiveCfg = Release|x64
		{91752CAC-859C-4024-8E9A-80D1F79C253F}.Release|x64.Build.0 = Release|x64
		{91752CAC-859C-4024-8E9A-80D1F79C253F}.Release|x86.ActiveCfg = Release|Win32
		{91752CAC-859C-4024-8E9A-80D1F79C253F}.Release|x86.Build.0 = Release|Win32
	EndGlobalSection
	GlobalSection(SolutionProperties) = preSolution
		HideSolutionNode = FALSE
	EndGlobalSection
	GlobalSection(ExtensibilityGlobals) = postSolution
		SolutionGuid = {FBB1C167-92E1-4F28-AD51-583A1A202F70}
	EndGlobalSection
EndGlobal
